{
  "requires": true,
  "lockfileVersion": 1,
  "dependencies": {
    "file-exists": {
      "version": "5.0.1",
      "resolved": "https://registry.npmjs.org/file-exists/-/file-exists-5.0.1.tgz",
      "integrity": "sha512-TeBMgeKbdSsQtcY2XqKY/yTa4BciMD/Gw8YcND0XMDZt4CDj87l1Wl4x7K0ravZ80tZcyIGMD0hj2VSRPR8M8Q=="
    }
  }
}
